
Microsoft Visual Studio Solution File, Format Version 12.00
# Visual Studio Version 16
VisualStudioVersion = 16.0.30804.86
MinimumVisualStudioVersion = 10.0.40219.1
Project("{8BC9CEB8-8B4A-11D0-8D11-00A0C91BC942}") = "HashTableDemo", "HashTableDemo.vcxproj", "{84B67151-36B6-42A1-9795-4A9956A7890F}"
EndProject
Global
	GlobalSection(SolutionConfigurationPlatforms) = preSolution
		Debug|x64 = Debug|x64
		Debug|x86 = Debug|x86
		Release|x64 = Release|x64
		Release|x86 = Release|x86
	EndGlobalSection
	GlobalSection(ProjectConfigurationPlatforms) = postSolution
		{84B67151-36B6-42A1-9795-4A9956A7890F}.Debug|x64.ActiveCfg = Debug|x64
		{84B67151-36B6-42A1-9795-4A9956A7890F}.Debug|x64.Build.0 = Debug|x64
		{84B67151-36B6-42A1-9795-4A9956A7890F}.Debug|x86.ActiveCfg = Debug|Win32
		{84B67151-36B6-42A1-9795-4A9956A7890F}.Debug|x86.Build.0 = Debug|Win32
		{84B67151-36B6-42A1-9795-4A9956A7890F}.Release|x64.ActiveCfg = Release|x64
		{84B67151-36B6-42A1-9795-4A9956A7890F}.Release|x64.Build.0 = Release|x64
		{84B67151-36B6-42A1-9795-4A9956A7890F}.Release|x86.ActiveCfg = Release|Win32
		{84B67151-36B6-42A1-9795-4A9956A7890F}.Release|x86.Build.0 = Release|Win32
	EndGlobalSection
	GlobalSection(SolutionProperties) = preSolution
		HideSolutionNode = FALSE
	EndGlobalSection
	GlobalSection(ExtensibilityGlobals) = postSolution
		SolutionGuid = {CEA0D061-96A1-4A0C-AFA3-AEF0C9C7D05C}
	EndGlobalSection
EndGlobal
